
Microsoft Visual Studio Solution File, Format Version 12.00
# Visual Studio Version 17
VisualStudioVersion = 17.5.33530.505
MinimumVisualStudioVersion = 10.0.40219.1
Project("{9A19103F-16F7-4668-BE54-9A1E7A4F7556}") = "Pars_UserManagement", "Pars_UserManagement\Pars_UserManagement.csproj", "{EFAB559A-A65C-44B9-BBC8-2D14DB8575B1}"
EndProject
Project("{FAE04EC0-301F-11D3-BF4B-00C04F79EFBC}") = "Pars_UserManagement.Core", "Pars_UserManagement.Core\Pars_UserManagement.Core.csproj", "{BBBC5959-AC9A-4554-986F-2D0711129028}"
EndProject
Project("{FAE04EC0-301F-11D3-BF4B-00C04F79EFBC}") = "Pars_UserManagement.Repository", "Pars_UserManagement.Repository\Pars_UserManagement.Repository.csproj", "{A62F5D9F-8AAE-417C-9AEE-13C7ACBE9D17}"
EndProject
Project("{FAE04EC0-301F-11D3-BF4B-00C04F79EFBC}") = "Pars_UserManagement.Dependency", "Pars_UserManagement.Dependency\Pars_UserManagement.Dependency.csproj", "{22700EA3-9CEE-4F32-9DA7-F372DFBA1B2B}"
EndProject
Global
	GlobalSection(SolutionConfigurationPlatforms) = preSolution
		Debug|Any CPU = Debug|Any CPU
		Release|Any CPU = Release|Any CPU
	EndGlobalSection
	GlobalSection(ProjectConfigurationPlatforms) = postSolution
		{EFAB559A-A65C-44B9-BBC8-2D14DB8575B1}.Debug|Any CPU.ActiveCfg = Debug|Any CPU
		{EFAB559A-A65C-44B9-BBC8-2D14DB8575B1}.Debug|Any CPU.Build.0 = Debug|Any CPU
		{EFAB559A-A65C-44B9-BBC8-2D14DB8575B1}.Release|Any CPU.ActiveCfg = Release|Any CPU
		{EFAB559A-A65C-44B9-BBC8-2D14DB8575B1}.Release|Any CPU.Build.0 = Release|Any CPU
		{BBBC5959-AC9A-4554-986F-2D0711129028}.Debug|Any CPU.ActiveCfg = Debug|Any CPU
		{BBBC5959-AC9A-4554-986F-2D0711129028}.Debug|Any CPU.Build.0 = Debug|Any CPU
		{BBBC5959-AC9A-4554-986F-2D0711129028}.Release|Any CPU.ActiveCfg = Release|Any CPU
		{BBBC5959-AC9A-4554-986F-2D0711129028}.Release|Any CPU.Build.0 = Release|Any CPU
		{A62F5D9F-8AAE-417C-9AEE-13C7ACBE9D17}.Debug|Any CPU.ActiveCfg = Debug|Any CPU
		{A62F5D9F-8AAE-417C-9AEE-13C7ACBE9D17}.Debug|Any CPU.Build.0 = Debug|Any CPU
		{A62F5D9F-8AAE-417C-9AEE-13C7ACBE9D17}.Release|Any CPU.ActiveCfg = Release|Any CPU
		{A62F5D9F-8AAE-417C-9AEE-13C7ACBE9D17}.Release|Any CPU.Build.0 = Release|Any CPU
		{22700EA3-9CEE-4F32-9DA7-F372DFBA1B2B}.Debug|Any CPU.ActiveCfg = Debug|Any CPU
		{22700EA3-9CEE-4F32-9DA7-F372DFBA1B2B}.Debug|Any CPU.Build.0 = Debug|Any CPU
		{22700EA3-9CEE-4F32-9DA7-F372DFBA1B2B}.Release|Any CPU.ActiveCfg = Release|Any CPU
		{22700EA3-9CEE-4F32-9DA7-F372DFBA1B2B}.Release|Any CPU.Build.0 = Release|Any CPU
	EndGlobalSection
	GlobalSection(SolutionProperties) = preSolution
		HideSolutionNode = FALSE
	EndGlobalSection
	GlobalSection(ExtensibilityGlobals) = postSolution
		SolutionGuid = {16F83A69-EE5F-46D2-8E68-E3D2D0BD6CFE}
	EndGlobalSection
EndGlobal
