
Microsoft Visual Studio Solution File, Format Version 12.00
# Visual Studio Version 17
VisualStudioVersion = 17.8.34322.80
MinimumVisualStudioVersion = 10.0.40219.1
Project("{FAE04EC0-301F-11D3-BF4B-00C04F79EFBC}") = "Pars_ScheduleManagement", "Pars_ScheduleManagement\Pars_ScheduleManagement.csproj", "{84281D51-EA96-46C4-BC7C-54DD3D24DFF7}"
EndProject
Project("{FAE04EC0-301F-11D3-BF4B-00C04F79EFBC}") = "Pars_ScheduleManagement.Core", "Pars_ScheduleManagement.Core\Pars_ScheduleManagement.Core.csproj", "{15B72A83-0396-46C3-9A0F-33D4C5E75268}"
EndProject
Project("{FAE04EC0-301F-11D3-BF4B-00C04F79EFBC}") = "Pars_ScheduleManagement.Repository", "Pars_ScheduleManagement.Repository\Pars_ScheduleManagement.Repository.csproj", "{81825AAB-CB26-41FC-A4B7-CD50092B9453}"
EndProject
Project("{FAE04EC0-301F-11D3-BF4B-00C04F79EFBC}") = "Pars_ScheduleManagement.Dependency", "Pars_ScheduleManagement.Dependency\Pars_ScheduleManagement.Dependency.csproj", "{A3F2E8C3-5049-4724-A7CE-FF6E064A19FF}"
EndProject
Global
	GlobalSection(SolutionConfigurationPlatforms) = preSolution
		Debug|Any CPU = Debug|Any CPU
		Release|Any CPU = Release|Any CPU
	EndGlobalSection
	GlobalSection(ProjectConfigurationPlatforms) = postSolution
		{84281D51-EA96-46C4-BC7C-54DD3D24DFF7}.Debug|Any CPU.ActiveCfg = Debug|Any CPU
		{84281D51-EA96-46C4-BC7C-54DD3D24DFF7}.Debug|Any CPU.Build.0 = Debug|Any CPU
		{84281D51-EA96-46C4-BC7C-54DD3D24DFF7}.Release|Any CPU.ActiveCfg = Release|Any CPU
		{84281D51-EA96-46C4-BC7C-54DD3D24DFF7}.Release|Any CPU.Build.0 = Release|Any CPU
		{15B72A83-0396-46C3-9A0F-33D4C5E75268}.Debug|Any CPU.ActiveCfg = Debug|Any CPU
		{15B72A83-0396-46C3-9A0F-33D4C5E75268}.Debug|Any CPU.Build.0 = Debug|Any CPU
		{15B72A83-0396-46C3-9A0F-33D4C5E75268}.Release|Any CPU.ActiveCfg = Release|Any CPU
		{15B72A83-0396-46C3-9A0F-33D4C5E75268}.Release|Any CPU.Build.0 = Release|Any CPU
		{81825AAB-CB26-41FC-A4B7-CD50092B9453}.Debug|Any CPU.ActiveCfg = Debug|Any CPU
		{81825AAB-CB26-41FC-A4B7-CD50092B9453}.Debug|Any CPU.Build.0 = Debug|Any CPU
		{81825AAB-CB26-41FC-A4B7-CD50092B9453}.Release|Any CPU.ActiveCfg = Release|Any CPU
		{81825AAB-CB26-41FC-A4B7-CD50092B9453}.Release|Any CPU.Build.0 = Release|Any CPU
		{A3F2E8C3-5049-4724-A7CE-FF6E064A19FF}.Debug|Any CPU.ActiveCfg = Debug|Any CPU
		{A3F2E8C3-5049-4724-A7CE-FF6E064A19FF}.Debug|Any CPU.Build.0 = Debug|Any CPU
		{A3F2E8C3-5049-4724-A7CE-FF6E064A19FF}.Release|Any CPU.ActiveCfg = Release|Any CPU
		{A3F2E8C3-5049-4724-A7CE-FF6E064A19FF}.Release|Any CPU.Build.0 = Release|Any CPU
	EndGlobalSection
	GlobalSection(SolutionProperties) = preSolution
		HideSolutionNode = FALSE
	EndGlobalSection
	GlobalSection(ExtensibilityGlobals) = postSolution
		SolutionGuid = {84E4D80A-C607-4F26-97B4-3D30ABE84E6D}
	EndGlobalSection
EndGlobal
